
Microsoft Visual Studio Solution File, Format Version 12.00
# Visual Studio Version 16
VisualStudioVersion = 16.0.31112.23
MinimumVisualStudioVersion = 10.0.40219.1
Project("{FAE04EC0-301F-11D3-BF4B-00C04F79EFBC}") = "Vaccine_Registration", "Vaccine_Registration\Vaccine_Registration.csproj", "{549D25CE-7838-4467-B219-EA8D79321DE1}"
EndProject
Global
	GlobalSection(SolutionConfigurationPlatforms) = preSolution
		Debug|Any CPU = Debug|Any CPU
		Release|Any CPU = Release|Any CPU
	EndGlobalSection
	GlobalSection(ProjectConfigurationPlatforms) = postSolution
		{549D25CE-7838-4467-B219-EA8D79321DE1}.Debug|Any CPU.ActiveCfg = Debug|Any CPU
		{549D25CE-7838-4467-B219-EA8D79321DE1}.Debug|Any CPU.Build.0 = Debug|Any CPU
		{549D25CE-7838-4467-B219-EA8D79321DE1}.Release|Any CPU.ActiveCfg = Release|Any CPU
		{549D25CE-7838-4467-B219-EA8D79321DE1}.Release|Any CPU.Build.0 = Release|Any CPU
	EndGlobalSection
	GlobalSection(SolutionProperties) = preSolution
		HideSolutionNode = FALSE
	EndGlobalSection
	GlobalSection(ExtensibilityGlobals) = postSolution
		SolutionGuid = {EAE8BD84-0BEF-4D12-9D0B-DCD2C07AD273}
	EndGlobalSection
EndGlobal
